[[package]]
category = "main"
description = "Humanize functions for Portuguese."
name = "humanizer-portugues"
optional = false
python-versions = ">=3.7,<4.0"
version = "2.3.3"

[metadata]
content-hash = "cebf163b8f3c8a575a115fb8a34c7e9a68a53d2475f8d1b7271c9b547a0352a1"
python-versions = "^3.8"

[metadata.files]
humanizer-portugues = [
    {file = "humanizer-portugues-2.3.3.tar.gz", hash = "sha256:aa7374a5e86c46498d552c3e94a4de6f236176033f5fdaff060897cde2217802"},
    {file = "humanizer_portugues-2.3.3-py3-none-any.whl", hash = "sha256:7cd0cedf412ab074cb35e78de77cc3a1555be6c269dc2b83dc370f5793a1616a"},
]
