[[package]]
category = "main"
description = "Humanize functions for Portuguese."
name = "humanizer-portugues"
optional = false
python-versions = ">=3.7,<4.0"
version = "2.3.2"

[metadata]
content-hash = "2f3a2aa0aa3121f1e69c175c890c5142a5124033048ea597638692eb1e91d82c"
python-versions = "^3.8"

[metadata.files]
humanizer-portugues = [
    {file = "humanizer-portugues-2.3.2.tar.gz", hash = "sha256:20b7b19b841ea85dad3fa202faf2dcfa53c6787e54834aab74cba26271692e03"},
    {file = "humanizer_portugues-2.3.2-py3-none-any.whl", hash = "sha256:ac0bab11d0c43c4fe4b6cea86335fcb79a0726e0055b386ce8ae29276fe6b092"},
]
